
Microsoft Visual Studio Solution File, Format Version 12.00
# Visual Studio Version 17
VisualStudioVersion = 17.3.32819.101
MinimumVisualStudioVersion = 10.0.40219.1
Project("{FAE04EC0-301F-11D3-BF4B-00C04F79EFBC}") = "OracleCMS_CarAPI", "OracleCMS_CarAPI.csproj", "{B14091D2-A3CE-4DC5-80D7-4E81B0C8767D}"
EndProject
Global
	GlobalSection(SolutionConfigurationPlatforms) = preSolution
		Debug|Any CPU = Debug|Any CPU
		Release|Any CPU = Release|Any CPU
	EndGlobalSection
	GlobalSection(ProjectConfigurationPlatforms) = postSolution
		{B14091D2-A3CE-4DC5-80D7-4E81B0C8767D}.Debug|Any CPU.ActiveCfg = Debug|Any CPU
		{B14091D2-A3CE-4DC5-80D7-4E81B0C8767D}.Debug|Any CPU.Build.0 = Debug|Any CPU
		{B14091D2-A3CE-4DC5-80D7-4E81B0C8767D}.Release|Any CPU.ActiveCfg = Release|Any CPU
		{B14091D2-A3CE-4DC5-80D7-4E81B0C8767D}.Release|Any CPU.Build.0 = Release|Any CPU
	EndGlobalSection
	GlobalSection(SolutionProperties) = preSolution
		HideSolutionNode = FALSE
	EndGlobalSection
	GlobalSection(ExtensibilityGlobals) = postSolution
		SolutionGuid = {3CEF7D35-CEDB-440D-95A9-750B4CD94FED}
	EndGlobalSection
EndGlobal
